
Microsoft Visual Studio Solution File, Format Version 12.00
# Visual Studio Version 16
VisualStudioVersion = 16.0.33214.272
MinimumVisualStudioVersion = 10.0.40219.1
Project("{9A19103F-16F7-4668-BE54-9A1E7A4F7556}") = "ClickHouseClientNetCore.FreeSql", "ClickHouseClientNetCore.FreeSql\ClickHouseClientNetCore.FreeSql.csproj", "{E81C08D0-75B7-4964-909D-33B431196BD0}"
EndProject
Project("{9A19103F-16F7-4668-BE54-9A1E7A4F7556}") = "ClickHouseClientNetCore.FreeSql.Test", "ClickHouseClientNetCore.FreeSql.Test\ClickHouseClientNetCore.FreeSql.Test.csproj", "{77A7F9A4-CA53-481E-AC45-1012887666F4}"
EndProject
Project("{9A19103F-16F7-4668-BE54-9A1E7A4F7556}") = "ClickHouseClientNetCore.SqlSugar", "ClickHouseClientNetCore.SqlSugar\ClickHouseClientNetCore.SqlSugar.csproj", "{2177D506-7715-413F-8AF1-2EB66096B0EA}"
EndProject
Project("{9A19103F-16F7-4668-BE54-9A1E7A4F7556}") = "ClickHouseClientNetCore.SqlSugar.Test", "ClickHouseClientNetCore.SqlSugar.Test\ClickHouseClientNetCore.SqlSugar.Test.csproj", "{75FB1990-13EA-4227-8809-703E46B53CEA}"
EndProject
Project("{9A19103F-16F7-4668-BE54-9A1E7A4F7556}") = "ClickHouseClientNet.ClickHouse.Client", "ClickHouseClientNet.ClickHouse.Client\ClickHouseClientNet.ClickHouse.Client.csproj", "{61FD6814-3931-49FC-A77C-13C61702980D}"
EndProject
Project("{9A19103F-16F7-4668-BE54-9A1E7A4F7556}") = "ClickHouseClientNet.ClickHouse.Client.Test", "ClickHouseClientNet.ClickHouse.Client.Test\ClickHouseClientNet.ClickHouse.Client.Test.csproj", "{3425FAB0-1411-4717-AD9B-8A5CE74EDFEF}"
EndProject
Project("{9A19103F-16F7-4668-BE54-9A1E7A4F7556}") = "ClickHouseClientNet.ClickHouse.Ado", "ClickHouseClientNet.ClickHouse.Ado\ClickHouseClientNet.ClickHouse.Ado.csproj", "{AF912C37-9951-4F00-80B0-427FE09CEE05}"
EndProject
Project("{9A19103F-16F7-4668-BE54-9A1E7A4F7556}") = "ClickHouseClientNet.Dapper.ClickHouse.Ado", "ClickHouseClientNet.Dapper.ClickHouse.Ado\ClickHouseClientNet.Dapper.ClickHouse.Ado.csproj", "{B6161206-2536-4F93-B2F6-7F79B0D8EAD4}"
EndProject
Project("{9A19103F-16F7-4668-BE54-9A1E7A4F7556}") = "ClickHouseClientNet.ClickHouse.Ado.Test", "ClickHouseClientNet.ClickHouse.Ado.Test\ClickHouseClientNet.ClickHouse.Ado.Test.csproj", "{37796681-DAC8-4E75-9B04-06A4E427D19F}"
EndProject
Project("{9A19103F-16F7-4668-BE54-9A1E7A4F7556}") = "ClickHouseClientNet.Dapper.ClickHouse.Ado.Test", "ClickHouseClientNet.Dapper.ClickHouse.Ado.Test\ClickHouseClientNet.Dapper.ClickHouse.Ado.Test.csproj", "{7068895F-C64E-446E-8566-14BFBC05253B}"
EndProject
Project("{9A19103F-16F7-4668-BE54-9A1E7A4F7556}") = "ClickHouseClientNet.Dapper.ClickHouse.Client.Test", "ClickHouseClientNet.Dapper.ClickHouse.Client.Test\ClickHouseClientNet.Dapper.ClickHouse.Client.Test.csproj", "{F2260481-1B52-47AF-B8E1-E2074E190B1D}"
EndProject
Project("{FAE04EC0-301F-11D3-BF4B-00C04F79EFBC}") = "ClickHouse.Ado.Dapper.Test", "ClickHouse.Ado.Dapper.Test\ClickHouse.Ado.Dapper.Test.csproj", "{1D7ACB68-3A3F-4112-8792-64462549EA12}"
EndProject
Global
	GlobalSection(SolutionConfigurationPlatforms) = preSolution
		Debug|Any CPU = Debug|Any CPU
		Release|Any CPU = Release|Any CPU
	EndGlobalSection
	GlobalSection(ProjectConfigurationPlatforms) = postSolution
		{E81C08D0-75B7-4964-909D-33B431196BD0}.Debug|Any CPU.ActiveCfg = Debug|Any CPU
		{E81C08D0-75B7-4964-909D-33B431196BD0}.Debug|Any CPU.Build.0 = Debug|Any CPU
		{E81C08D0-75B7-4964-909D-33B431196BD0}.Release|Any CPU.ActiveCfg = Release|Any CPU
		{E81C08D0-75B7-4964-909D-33B431196BD0}.Release|Any CPU.Build.0 = Release|Any CPU
		{77A7F9A4-CA53-481E-AC45-1012887666F4}.Debug|Any CPU.ActiveCfg = Debug|Any CPU
		{77A7F9A4-CA53-481E-AC45-1012887666F4}.Debug|Any CPU.Build.0 = Debug|Any CPU
		{77A7F9A4-CA53-481E-AC45-1012887666F4}.Release|Any CPU.ActiveCfg = Release|Any CPU
		{77A7F9A4-CA53-481E-AC45-1012887666F4}.Release|Any CPU.Build.0 = Release|Any CPU
		{2177D506-7715-413F-8AF1-2EB66096B0EA}.Debug|Any CPU.ActiveCfg = Debug|Any CPU
		{2177D506-7715-413F-8AF1-2EB66096B0EA}.Debug|Any CPU.Build.0 = Debug|Any CPU
		{2177D506-7715-413F-8AF1-2EB66096B0EA}.Release|Any CPU.ActiveCfg = Release|Any CPU
		{2177D506-7715-413F-8AF1-2EB66096B0EA}.Release|Any CPU.Build.0 = Release|Any CPU
		{75FB1990-13EA-4227-8809-703E46B53CEA}.Debug|Any CPU.ActiveCfg = Debug|Any CPU
		{75FB1990-13EA-4227-8809-703E46B53CEA}.Debug|Any CPU.Build.0 = Debug|Any CPU
		{75FB1990-13EA-4227-8809-703E46B53CEA}.Release|Any CPU.ActiveCfg = Release|Any CPU
		{75FB1990-13EA-4227-8809-703E46B53CEA}.Release|Any CPU.Build.0 = Release|Any CPU
		{61FD6814-3931-49FC-A77C-13C61702980D}.Debug|Any CPU.ActiveCfg = Debug|Any CPU
		{61FD6814-3931-49FC-A77C-13C61702980D}.Debug|Any CPU.Build.0 = Debug|Any CPU
		{61FD6814-3931-49FC-A77C-13C61702980D}.Release|Any CPU.ActiveCfg = Release|Any CPU
		{61FD6814-3931-49FC-A77C-13C61702980D}.Release|Any CPU.Build.0 = Release|Any CPU
		{3425FAB0-1411-4717-AD9B-8A5CE74EDFEF}.Debug|Any CPU.ActiveCfg = Debug|Any CPU
		{3425FAB0-1411-4717-AD9B-8A5CE74EDFEF}.Debug|Any CPU.Build.0 = Debug|Any CPU
		{3425FAB0-1411-4717-AD9B-8A5CE74EDFEF}.Release|Any CPU.ActiveCfg = Release|Any CPU
		{3425FAB0-1411-4717-AD9B-8A5CE74EDFEF}.Release|Any CPU.Build.0 = Release|Any CPU
		{AF912C37-9951-4F00-80B0-427FE09CEE05}.Debug|Any CPU.ActiveCfg = Debug|Any CPU
		{AF912C37-9951-4F00-80B0-427FE09CEE05}.Debug|Any CPU.Build.0 = Debug|Any CPU
		{AF912C37-9951-4F00-80B0-427FE09CEE05}.Release|Any CPU.ActiveCfg = Release|Any CPU
		{AF912C37-9951-4F00-80B0-427FE09CEE05}.Release|Any CPU.Build.0 = Release|Any CPU
		{B6161206-2536-4F93-B2F6-7F79B0D8EAD4}.Debug|Any CPU.ActiveCfg = Debug|Any CPU
		{B6161206-2536-4F93-B2F6-7F79B0D8EAD4}.Debug|Any CPU.Build.0 = Debug|Any CPU
		{B6161206-2536-4F93-B2F6-7F79B0D8EAD4}.Release|Any CPU.ActiveCfg = Release|Any CPU
		{B6161206-2536-4F93-B2F6-7F79B0D8EAD4}.Release|Any CPU.Build.0 = Release|Any CPU
		{37796681-DAC8-4E75-9B04-06A4E427D19F}.Debug|Any CPU.ActiveCfg = Debug|Any CPU
		{37796681-DAC8-4E75-9B04-06A4E427D19F}.Debug|Any CPU.Build.0 = Debug|Any CPU
		{37796681-DAC8-4E75-9B04-06A4E427D19F}.Release|Any CPU.ActiveCfg = Release|Any CPU
		{37796681-DAC8-4E75-9B04-06A4E427D19F}.Release|Any CPU.Build.0 = Release|Any CPU
		{7068895F-C64E-446E-8566-14BFBC05253B}.Debug|Any CPU.ActiveCfg = Debug|Any CPU
		{7068895F-C64E-446E-8566-14BFBC05253B}.Debug|Any CPU.Build.0 = Debug|Any CPU
		{7068895F-C64E-446E-8566-14BFBC05253B}.Release|Any CPU.ActiveCfg = Release|Any CPU
		{7068895F-C64E-446E-8566-14BFBC05253B}.Release|Any CPU.Build.0 = Release|Any CPU
		{F2260481-1B52-47AF-B8E1-E2074E190B1D}.Debug|Any CPU.ActiveCfg = Debug|Any CPU
		{F2260481-1B52-47AF-B8E1-E2074E190B1D}.Debug|Any CPU.Build.0 = Debug|Any CPU
		{F2260481-1B52-47AF-B8E1-E2074E190B1D}.Release|Any CPU.ActiveCfg = Release|Any CPU
		{F2260481-1B52-47AF-B8E1-E2074E190B1D}.Release|Any CPU.Build.0 = Release|Any CPU
		{1D7ACB68-3A3F-4112-8792-64462549EA12}.Debug|Any CPU.ActiveCfg = Debug|Any CPU
		{1D7ACB68-3A3F-4112-8792-64462549EA12}.Debug|Any CPU.Build.0 = Debug|Any CPU
		{1D7ACB68-3A3F-4112-8792-64462549EA12}.Release|Any CPU.ActiveCfg = Release|Any CPU
		{1D7ACB68-3A3F-4112-8792-64462549EA12}.Release|Any CPU.Build.0 = Release|Any CPU
	EndGlobalSection
	GlobalSection(SolutionProperties) = preSolution
		HideSolutionNode = FALSE
	EndGlobalSection
	GlobalSection(ExtensibilityGlobals) = postSolution
		SolutionGuid = {54CD8BBF-BD7B-4EA1-8672-54BF341D0F44}
	EndGlobalSection
EndGlobal
